
Microsoft Visual Studio Solution File, Format Version 12.00
# Visual Studio 2013
VisualStudioVersion = 12.0.21005.1
MinimumVisualStudioVersion = 10.0.40219.1
Project("{FAE04EC0-301F-11D3-BF4B-00C04F79EFBC}") = "01-QuestaoProva", "01-QuestaoProva\01-QuestaoProva.csproj", "{D1737C9D-A0EF-40D9-BA05-5B96E0F43D25}"
EndProject
Global
	GlobalSection(SolutionConfigurationPlatforms) = preSolution
		Debug|Any CPU = Debug|Any CPU
		Release|Any CPU = Release|Any CPU
	EndGlobalSection
	GlobalSection(ProjectConfigurationPlatforms) = postSolution
		{D1737C9D-A0EF-40D9-BA05-5B96E0F43D25}.Debug|Any CPU.ActiveCfg = Debug|Any CPU
		{D1737C9D-A0EF-40D9-BA05-5B96E0F43D25}.Debug|Any CPU.Build.0 = Debug|Any CPU
		{D1737C9D-A0EF-40D9-BA05-5B96E0F43D25}.Release|Any CPU.ActiveCfg = Release|Any CPU
		{D1737C9D-A0EF-40D9-BA05-5B96E0F43D25}.Release|Any CPU.Build.0 = Release|Any CPU
	EndGlobalSection
	GlobalSection(SolutionProperties) = preSolution
		HideSolutionNode = FALSE
	EndGlobalSection
EndGlobal
